# This file is automatically @generated by Cargo.
# It is not intended for manual editing.
[[package]]
name = "cmd_lib"
version = "0.7.8"
source = "registry+https://github.com/rust-lang/crates.io-index"
checksum = "475bd7aa7680b4ed8f6bb59745e882bcbaeb39326532bb79ffb1716480d9a274"

[[package]]
name = "ipnetwork"
version = "0.16.0"
source = "registry+https://github.com/rust-lang/crates.io-index"
checksum = "b8eca9f51da27bc908ef3dd85c21e1bbba794edaf94d7841e37356275b82d31e"
dependencies = [
 "serde",
]

[[package]]
name = "ippool"
version = "0.1.0"
dependencies = [
 "ipnetwork",
]

[[package]]
name = "nodemng"
version = "0.1.0"
dependencies = [
 "cmd_lib",
 "ippool",
]

[[package]]
name = "serde"
version = "1.0.114"
source = "registry+https://github.com/rust-lang/crates.io-index"
checksum = "5317f7588f0a5078ee60ef675ef96735a1442132dc645eb1d12c018620ed8cd3"
